// !$*UTF8*$!
{
	archiveVersion = 1;
	classes = {
	};
	objectVersion = 46;
	objects = {

/* Begin PBXBuildFile section */
		6F63998902C75DBEC050BFE6 /* Pods_SocketIOIOSDemo.framework in Frameworks */ = {isa = PBXBuildFile; fileRef = 5094D98181E59EB02EE6A966 /* Pods_SocketIOIOSDemo.framework */; };
		BB0613621E5ABDFD00E0455A /* InsetsLabel.m in Sources */ = {isa = PBXBuildFile; fileRef = BB0613611E5ABDFD00E0455A /* InsetsLabel.m */; };
		BB46505D1E2EFA1B00FABB62 /* SocketIONotify.m in Sources */ = {isa = PBXBuildFile; fileRef = BB46505C1E2EFA1B00FABB62 /* SocketIONotify.m */; };
		BB476E301E519D3F00A7F8C7 /* RealmConfig.m in Sources */ = {isa = PBXBuildFile; fileRef = BB476E2F1E519D3F00A7F8C7 /* RealmConfig.m */; };
		BB476E3E1E51A3B600A7F8C7 /* MainViewController.m in Sources */ = {isa = PBXBuildFile; fileRef = BB476E3D1E51A3B600A7F8C7 /* MainViewController.m */; };
		BB476E411E51A62B00A7F8C7 /* PersonListViewController.m in Sources */ = {isa = PBXBuildFile; fileRef = BB476E401E51A62B00A7F8C7 /* PersonListViewController.m */; };
		BB517F7F1E5553850023C5B6 /* ChatViewController.m in Sources */ = {isa = PBXBuildFile; fileRef = BB517F7E1E5553850023C5B6 /* ChatViewController.m */; };
		BB517F821E5577250023C5B6 /* ChatBean.m in Sources */ = {isa = PBXBuildFile; fileRef = BB517F811E5577250023C5B6 /* ChatBean.m */; };
		BB517F881E557B6C0023C5B6 /* MessageBean.m in Sources */ = {isa = PBXBuildFile; fileRef = BB517F871E557B6C0023C5B6 /* MessageBean.m */; };
		BB517F8B1E558EB40023C5B6 /* ChatHostTableViewCell.m in Sources */ = {isa = PBXBuildFile; fileRef = BB517F8A1E558EB40023C5B6 /* ChatHostTableViewCell.m */; };
		BB517F8E1E558F760023C5B6 /* ChatGuestTableViewCell.m in Sources */ = {isa = PBXBuildFile; fileRef = BB517F8D1E558F760023C5B6 /* ChatGuestTableViewCell.m */; };
		BB517F931E55945F0023C5B6 /* ChatPresenter.m in Sources */ = {isa = PBXBuildFile; fileRef = BB517F921E55945F0023C5B6 /* ChatPresenter.m */; };
		BB7714A41E2C9B220015CFA3 /* SocketIOManager.m in Sources */ = {isa = PBXBuildFile; fileRef = BB7714A31E2C9B220015CFA3 /* SocketIOManager.m */; };
		BB7714A71E2CB1290015CFA3 /* SocketIOUserInfo.m in Sources */ = {isa = PBXBuildFile; fileRef = BB7714A61E2CB1290015CFA3 /* SocketIOUserInfo.m */; };
		BB7984F81E260B1D00552F88 /* main.m in Sources */ = {isa = PBXBuildFile; fileRef = BB7984F71E260B1D00552F88 /* main.m */; };
		BB7984FB1E260B1D00552F88 /* AppDelegate.m in Sources */ = {isa = PBXBuildFile; fileRef = BB7984FA1E260B1D00552F88 /* AppDelegate.m */; };
		BB7984FE1E260B1D00552F88 /* ViewController.m in Sources */ = {isa = PBXBuildFile; fileRef = BB7984FD1E260B1D00552F88 /* ViewController.m */; };
		BB7985031E260B1D00552F88 /* Assets.xcassets in Resources */ = {isa = PBXBuildFile; fileRef = BB7985021E260B1D00552F88 /* Assets.xcassets */; };
		BB7985061E260B1D00552F88 /* LaunchScreen.storyboard in Resources */ = {isa = PBXBuildFile; fileRef = BB7985041E260B1D00552F88 /* LaunchScreen.storyboard */; };
		BB7985111E260B1D00552F88 /* SocketIOIOSDemoTests.m in Sources */ = {isa = PBXBuildFile; fileRef = BB7985101E260B1D00552F88 /* SocketIOIOSDemoTests.m */; };
		BB79851C1E260B1D00552F88 /* SocketIOIOSDemoUITests.m in Sources */ = {isa = PBXBuildFile; fileRef = BB79851B1E260B1D00552F88 /* SocketIOIOSDemoUITests.m */; };
		BBA6EFBA1E53F57F0050756C /* MessageViewController.m in Sources */ = {isa = PBXBuildFile; fileRef = BBA6EFB91E53F57F0050756C /* MessageViewController.m */; };
		BBA6EFC21E53F5F10050756C /* SettingViewController.m in Sources */ = {isa = PBXBuildFile; fileRef = BBA6EFC11E53F5F10050756C /* SettingViewController.m */; };
		BBA6EFC51E5419F20050756C /* PersonBean.m in Sources */ = {isa = PBXBuildFile; fileRef = BBA6EFC41E5419F20050756C /* PersonBean.m */; };
		BBA6EFC91E541E090050756C /* PersonListPresenter.m in Sources */ = {isa = PBXBuildFile; fileRef = BBA6EFC81E541E090050756C /* PersonListPresenter.m */; };
		BBA6EFCE1E5427D00050756C /* PersonListTableViewCell.m in Sources */ = {isa = PBXBuildFile; fileRef = BBA6EFCC1E5427D00050756C /* PersonListTableViewCell.m */; };
		BBA6EFCF1E5427D00050756C /* PersonListTableViewCell.xib in Resources */ = {isa = PBXBuildFile; fileRef = BBA6EFCD1E5427D00050756C /* PersonListTableViewCell.xib */; };
		BBAFF8DB1E4C178F007980D0 /* UserInfoBean.m in Sources */ = {isa = PBXBuildFile; fileRef = BBAFF8DA1E4C178F007980D0 /* UserInfoBean.m */; };
		BBAFF8DE1E4C3E41007980D0 /* LoginViewController.m in Sources */ = {isa = PBXBuildFile; fileRef = BBAFF8DD1E4C3E41007980D0 /* LoginViewController.m */; };
		BBAFF8E11E4C3FA7007980D0 /* UserInfoRepository.m in Sources */ = {isa = PBXBuildFile; fileRef = BBAFF8E01E4C3FA7007980D0 /* UserInfoRepository.m */; };
		BBAFF8E51E4C4041007980D0 /* LoginPresenter.m in Sources */ = {isa = PBXBuildFile; fileRef = BBAFF8E41E4C4041007980D0 /* LoginPresenter.m */; };
		BBF08D2A1E4D633600241CEF /* AFNetworkingClient.m in Sources */ = {isa = PBXBuildFile; fileRef = BBF08D121E4D633600241CEF /* AFNetworkingClient.m */; };
		BBF08D301E4D633600241CEF /* DateUtils.m in Sources */ = {isa = PBXBuildFile; fileRef = BBF08D291E4D633600241CEF /* DateUtils.m */; };
		BBF08D331E4D853300241CEF /* ResultModel.m in Sources */ = {isa = PBXBuildFile; fileRef = BBF08D321E4D853200241CEF /* ResultModel.m */; };
		BBFC98B41E384C1500DB5A7D /* SocketIOMessage.m in Sources */ = {isa = PBXBuildFile; fileRef = BBFC98B31E384C1500DB5A7D /* SocketIOMessage.m */; };
/* End PBXBuildFile section */

/* Begin PBXContainerItemProxy section */
		BB79850D1E260B1D00552F88 /* PBXContainerItemProxy */ = {
			isa = PBXContainerItemProxy;
			containerPortal = BB7984EB1E260B1D00552F88 /* Project object */;
			proxyType = 1;
			remoteGlobalIDString = BB7984F21E260B1D00552F88;
			remoteInfo = SocketIOIOSDemo;
		};
		BB7985181E260B1D00552F88 /* PBXContainerItemProxy */ = {
			isa = PBXContainerItemProxy;
			containerPortal = BB7984EB1E260B1D00552F88 /* Project object */;
			proxyType = 1;
			remoteGlobalIDString = BB7984F21E260B1D00552F88;
			remoteInfo = SocketIOIOSDemo;
		};
/* End PBXContainerItemProxy section */

/* Begin PBXCopyFilesBuildPhase section */
		BBFC98C51E3882A900DB5A7D /* Embed App Extensions */ = {
			isa = PBXCopyFilesBuildPhase;
			buildActionMask = 2147483647;
			dstPath = "";
			dstSubfolderSpec = 13;
			files = (
			);
			name = "Embed App Extensions";
			runOnlyForDeploymentPostprocessing = 0;
		};
/* End PBXCopyFilesBuildPhase section */

/* Begin PBXFileReference section */
		1C46A59A4E58AB8E1D35AD1C /* Pods-SocketIOIOSDemo.debug.xcconfig */ = {isa = PBXFileReference; includeInIndex = 1; lastKnownFileType = text.xcconfig; name = "Pods-SocketIOIOSDemo.debug.xcconfig"; path = "Pods/Target Support Files/Pods-SocketIOIOSDemo/Pods-SocketIOIOSDemo.debug.xcconfig"; sourceTree = "<group>"; };
		5094D98181E59EB02EE6A966 /* Pods_SocketIOIOSDemo.framework */ = {isa = PBXFileReference; explicitFileType = wrapper.framework; includeInIndex = 0; path = Pods_SocketIOIOSDemo.framework; sourceTree = BUILT_PRODUCTS_DIR; };
		BB0613601E5ABDFD00E0455A /* InsetsLabel.h */ = {isa = PBXFileReference; fileEncoding = 4; lastKnownFileType = sourcecode.c.h; path = InsetsLabel.h; sourceTree = "<group>"; };
		BB0613611E5ABDFD00E0455A /* InsetsLabel.m */ = {isa = PBXFileReference; fileEncoding = 4; lastKnownFileType = sourcecode.c.objc; path = InsetsLabel.m; sourceTree = "<group>"; };
		BB46505B1E2EFA1B00FABB62 /* SocketIONotify.h */ = {isa = PBXFileReference; fileEncoding = 4; lastKnownFileType = sourcecode.c.h; path = SocketIONotify.h; sourceTree = "<group>"; };
		BB46505C1E2EFA1B00FABB62 /* SocketIONotify.m */ = {isa = PBXFileReference; fileEncoding = 4; lastKnownFileType = sourcecode.c.objc; path = SocketIONotify.m; sourceTree = "<group>"; };
		BB476E2E1E519D3F00A7F8C7 /* RealmConfig.h */ = {isa = PBXFileReference; fileEncoding = 4; lastKnownFileType = sourcecode.c.h; path = RealmConfig.h; sourceTree = "<group>"; };
		BB476E2F1E519D3F00A7F8C7 /* RealmConfig.m */ = {isa = PBXFileReference; fileEncoding = 4; lastKnownFileType = sourcecode.c.objc; path = RealmConfig.m; sourceTree = "<group>"; };
		BB476E3C1E51A3B600A7F8C7 /* MainViewController.h */ = {isa = PBXFileReference; fileEncoding = 4; lastKnownFileType = sourcecode.c.h; path = MainViewController.h; sourceTree = "<group>"; };
		BB476E3D1E51A3B600A7F8C7 /* MainViewController.m */ = {isa = PBXFileReference; fileEncoding = 4; lastKnownFileType = sourcecode.c.objc; path = MainViewController.m; sourceTree = "<group>"; };
		BB476E3F1E51A62B00A7F8C7 /* PersonListViewController.h */ = {isa = PBXFileReference; fileEncoding = 4; lastKnownFileType = sourcecode.c.h; path = PersonListViewController.h; sourceTree = "<group>"; };
		BB476E401E51A62B00A7F8C7 /* PersonListViewController.m */ = {isa = PBXFileReference; fileEncoding = 4; lastKnownFileType = sourcecode.c.objc; path = PersonListViewController.m; sourceTree = "<group>"; };
		BB517F7D1E5553850023C5B6 /* ChatViewController.h */ = {isa = PBXFileReference; fileEncoding = 4; lastKnownFileType = sourcecode.c.h; path = ChatViewController.h; sourceTree = "<group>"; };
		BB517F7E1E5553850023C5B6 /* ChatViewController.m */ = {isa = PBXFileReference; fileEncoding = 4; lastKnownFileType = sourcecode.c.objc; path = ChatViewController.m; sourceTree = "<group>"; };
		BB517F801E5577250023C5B6 /* ChatBean.h */ = {isa = PBXFileReference; fileEncoding = 4; lastKnownFileType = sourcecode.c.h; path = ChatBean.h; sourceTree = "<group>"; };
		BB517F811E5577250023C5B6 /* ChatBean.m */ = {isa = PBXFileReference; fileEncoding = 4; lastKnownFileType = sourcecode.c.objc; path = ChatBean.m; sourceTree = "<group>"; };
		BB517F861E557B6C0023C5B6 /* MessageBean.h */ = {isa = PBXFileReference; fileEncoding = 4; lastKnownFileType = sourcecode.c.h; path = MessageBean.h; sourceTree = "<group>"; };
		BB517F871E557B6C0023C5B6 /* MessageBean.m */ = {isa = PBXFileReference; fileEncoding = 4; lastKnownFileType = sourcecode.c.objc; path = MessageBean.m; sourceTree = "<group>"; };
		BB517F891E558EB40023C5B6 /* ChatHostTableViewCell.h */ = {isa = PBXFileReference; fileEncoding = 4; lastKnownFileType = sourcecode.c.h; path = ChatHostTableViewCell.h; sourceTree = "<group>"; };
		BB517F8A1E558EB40023C5B6 /* ChatHostTableViewCell.m */ = {isa = PBXFileReference; fileEncoding = 4; lastKnownFileType = sourcecode.c.objc; path = ChatHostTableViewCell.m; sourceTree = "<group>"; };
		BB517F8C1E558F760023C5B6 /* ChatGuestTableViewCell.h */ = {isa = PBXFileReference; fileEncoding = 4; lastKnownFileType = sourcecode.c.h; path = ChatGuestTableViewCell.h; sourceTree = "<group>"; };
		BB517F8D1E558F760023C5B6 /* ChatGuestTableViewCell.m */ = {isa = PBXFileReference; fileEncoding = 4; lastKnownFileType = sourcecode.c.objc; path = ChatGuestTableViewCell.m; sourceTree = "<group>"; };
		BB517F8F1E5593E20023C5B6 /* ChatViewProtocol.h */ = {isa = PBXFileReference; lastKnownFileType = sourcecode.c.h; path = ChatViewProtocol.h; sourceTree = "<group>"; };
		BB517F901E5594390023C5B6 /* ChatPresenterProtocol.h */ = {isa = PBXFileReference; lastKnownFileType = sourcecode.c.h; path = ChatPresenterProtocol.h; sourceTree = "<group>"; };
		BB517F911E55945F0023C5B6 /* ChatPresenter.h */ = {isa = PBXFileReference; fileEncoding = 4; lastKnownFileType = sourcecode.c.h; path = ChatPresenter.h; sourceTree = "<group>"; };
		BB517F921E55945F0023C5B6 /* ChatPresenter.m */ = {isa = PBXFileReference; fileEncoding = 4; lastKnownFileType = sourcecode.c.objc; path = ChatPresenter.m; sourceTree = "<group>"; };
		BB77149A1E2C8EB60015CFA3 /* SocketIOIOSDemo.entitlements */ = {isa = PBXFileReference; lastKnownFileType = text.plist.entitlements; path = SocketIOIOSDemo.entitlements; sourceTree = "<group>"; };
		BB7714A21E2C9B220015CFA3 /* SocketIOManager.h */ = {isa = PBXFileReference; fileEncoding = 4; lastKnownFileType = sourcecode.c.h; path = SocketIOManager.h; sourceTree = "<group>"; };
		BB7714A31E2C9B220015CFA3 /* SocketIOManager.m */ = {isa = PBXFileReference; fileEncoding = 4; lastKnownFileType = sourcecode.c.objc; path = SocketIOManager.m; sourceTree = "<group>"; };
		BB7714A51E2CB1290015CFA3 /* SocketIOUserInfo.h */ = {isa = PBXFileReference; fileEncoding = 4; lastKnownFileType = sourcecode.c.h; path = SocketIOUserInfo.h; sourceTree = "<group>"; };
		BB7714A61E2CB1290015CFA3 /* SocketIOUserInfo.m */ = {isa = PBXFileReference; fileEncoding = 4; lastKnownFileType = sourcecode.c.objc; path = SocketIOUserInfo.m; sourceTree = "<group>"; };
		BB7984F31E260B1D00552F88 /* SocketIOIOSDemo.app */ = {isa = PBXFileReference; explicitFileType = wrapper.application; includeInIndex = 0; path = SocketIOIOSDemo.app; sourceTree = BUILT_PRODUCTS_DIR; };
		BB7984F71E260B1D00552F88 /* main.m */ = {isa = PBXFileReference; lastKnownFileType = sourcecode.c.objc; path = main.m; sourceTree = "<group>"; };
		BB7984F91E260B1D00552F88 /* AppDelegate.h */ = {isa = PBXFileReference; lastKnownFileType = sourcecode.c.h; path = AppDelegate.h; sourceTree = "<group>"; };
		BB7984FA1E260B1D00552F88 /* AppDelegate.m */ = {isa = PBXFileReference; lastKnownFileType = sourcecode.c.objc; path = AppDelegate.m; sourceTree = "<group>"; };
		BB7984FC1E260B1D00552F88 /* ViewController.h */ = {isa = PBXFileReference; lastKnownFileType = sourcecode.c.h; path = ViewController.h; sourceTree = "<group>"; };
		BB7984FD1E260B1D00552F88 /* ViewController.m */ = {isa = PBXFileReference; lastKnownFileType = sourcecode.c.objc; path = ViewController.m; sourceTree = "<group>"; };
		BB7985021E260B1D00552F88 /* Assets.xcassets */ = {isa = PBXFileReference; lastKnownFileType = folder.assetcatalog; path = Assets.xcassets; sourceTree = "<group>"; };
		BB7985051E260B1D00552F88 /* Base */ = {isa = PBXFileReference; lastKnownFileType = file.storyboard; name = Base; path = Base.lproj/LaunchScreen.storyboard; sourceTree = "<group>"; };
		BB7985071E260B1D00552F88 /* Info.plist */ = {isa = PBXFileReference; lastKnownFileType = text.plist.xml; path = Info.plist; sourceTree = "<group>"; };
		BB79850C1E260B1D00552F88 /* SocketIOIOSDemoTests.xctest */ = {isa = PBXFileReference; explicitFileType = wrapper.cfbundle; includeInIndex = 0; path = SocketIOIOSDemoTests.xctest; sourceTree = BUILT_PRODUCTS_DIR; };
		BB7985101E260B1D00552F88 /* SocketIOIOSDemoTests.m */ = {isa = PBXFileReference; lastKnownFileType = sourcecode.c.objc; path = SocketIOIOSDemoTests.m; sourceTree = "<group>"; };
		BB7985121E260B1D00552F88 /* Info.plist */ = {isa = PBXFileReference; lastKnownFileType = text.plist.xml; path = Info.plist; sourceTree = "<group>"; };
		BB7985171E260B1D00552F88 /* SocketIOIOSDemoUITests.xctest */ = {isa = PBXFileReference; explicitFileType = wrapper.cfbundle; includeInIndex = 0; path = SocketIOIOSDemoUITests.xctest; sourceTree = BUILT_PRODUCTS_DIR; };
		BB79851B1E260B1D00552F88 /* SocketIOIOSDemoUITests.m */ = {isa = PBXFileReference; lastKnownFileType = sourcecode.c.objc; path = SocketIOIOSDemoUITests.m; sourceTree = "<group>"; };
		BB79851D1E260B1D00552F88 /* Info.plist */ = {isa = PBXFileReference; lastKnownFileType = text.plist.xml; path = Info.plist; sourceTree = "<group>"; };
		BBA6EFB81E53F57F0050756C /* MessageViewController.h */ = {isa = PBXFileReference; fileEncoding = 4; lastKnownFileType = sourcecode.c.h; path = MessageViewController.h; sourceTree = "<group>"; };
		BBA6EFB91E53F57F0050756C /* MessageViewController.m */ = {isa = PBXFileReference; fileEncoding = 4; lastKnownFileType = sourcecode.c.objc; path = MessageViewController.m; sourceTree = "<group>"; };
		BBA6EFC01E53F5F10050756C /* SettingViewController.h */ = {isa = PBXFileReference; fileEncoding = 4; lastKnownFileType = sourcecode.c.h; path = SettingViewController.h; sourceTree = "<group>"; };
		BBA6EFC11E53F5F10050756C /* SettingViewController.m */ = {isa = PBXFileReference; fileEncoding = 4; lastKnownFileType = sourcecode.c.objc; path = SettingViewController.m; sourceTree = "<group>"; };
		BBA6EFC31E5419F20050756C /* PersonBean.h */ = {isa = PBXFileReference; fileEncoding = 4; lastKnownFileType = sourcecode.c.h; path = PersonBean.h; sourceTree = "<group>"; };
		BBA6EFC41E5419F20050756C /* PersonBean.m */ = {isa = PBXFileReference; fileEncoding = 4; lastKnownFileType = sourcecode.c.objc; path = PersonBean.m; sourceTree = "<group>"; };
		BBA6EFC61E541D2C0050756C /* PersonListViewProtocol.h */ = {isa = PBXFileReference; lastKnownFileType = sourcecode.c.h; path = PersonListViewProtocol.h; sourceTree = "<group>"; };
		BBA6EFC71E541E090050756C /* PersonListPresenter.h */ = {isa = PBXFileReference; fileEncoding = 4; lastKnownFileType = sourcecode.c.h; path = PersonListPresenter.h; sourceTree = "<group>"; };
		BBA6EFC81E541E090050756C /* PersonListPresenter.m */ = {isa = PBXFileReference; fileEncoding = 4; lastKnownFileType = sourcecode.c.objc; path = PersonListPresenter.m; sourceTree = "<group>"; };
		BBA6EFCA1E541E2F0050756C /* PersonListPresenterProtocol.h */ = {isa = PBXFileReference; lastKnownFileType = sourcecode.c.h; path = PersonListPresenterProtocol.h; sourceTree = "<group>"; };
		BBA6EFCB1E5427D00050756C /* PersonListTableViewCell.h */ = {isa = PBXFileReference; fileEncoding = 4; lastKnownFileType = sourcecode.c.h; path = PersonListTableViewCell.h; sourceTree = "<group>"; };
		BBA6EFCC1E5427D00050756C /* PersonListTableViewCell.m */ = {isa = PBXFileReference; fileEncoding = 4; lastKnownFileType = sourcecode.c.objc; path = PersonListTableViewCell.m; sourceTree = "<group>"; };
		BBA6EFCD1E5427D00050756C /* PersonListTableViewCell.xib */ = {isa = PBXFileReference; fileEncoding = 4; lastKnownFileType = file.xib; path = PersonListTableViewCell.xib; sourceTree = "<group>"; };
		BBAFF8D91E4C178F007980D0 /* UserInfoBean.h */ = {isa = PBXFileReference; fileEncoding = 4; lastKnownFileType = sourcecode.c.h; path = UserInfoBean.h; sourceTree = "<group>"; };
		BBAFF8DA1E4C178F007980D0 /* UserInfoBean.m */ = {isa = PBXFileReference; fileEncoding = 4; lastKnownFileType = sourcecode.c.objc; path = UserInfoBean.m; sourceTree = "<group>"; };
		BBAFF8DC1E4C3E41007980D0 /* LoginViewController.h */ = {isa = PBXFileReference; fileEncoding = 4; lastKnownFileType = sourcecode.c.h; path = LoginViewController.h; sourceTree = "<group>"; };
		BBAFF8DD1E4C3E41007980D0 /* LoginViewController.m */ = {isa = PBXFileReference; fileEncoding = 4; lastKnownFileType = sourcecode.c.objc; path = LoginViewController.m; sourceTree = "<group>"; };
		BBAFF8DF1E4C3FA7007980D0 /* UserInfoRepository.h */ = {isa = PBXFileReference; fileEncoding = 4; lastKnownFileType = sourcecode.c.h; path = UserInfoRepository.h; sourceTree = "<group>"; };
		BBAFF8E01E4C3FA7007980D0 /* UserInfoRepository.m */ = {isa = PBXFileReference; fileEncoding = 4; lastKnownFileType = sourcecode.c.objc; path = UserInfoRepository.m; sourceTree = "<group>"; };
		BBAFF8E21E4C3FD4007980D0 /* LoginViewProtocol.h */ = {isa = PBXFileReference; lastKnownFileType = sourcecode.c.h; path = LoginViewProtocol.h; sourceTree = "<group>"; };
		BBAFF8E31E4C4041007980D0 /* LoginPresenter.h */ = {isa = PBXFileReference; fileEncoding = 4; lastKnownFileType = sourcecode.c.h; path = LoginPresenter.h; sourceTree = "<group>"; };
		BBAFF8E41E4C4041007980D0 /* LoginPresenter.m */ = {isa = PBXFileReference; fileEncoding = 4; lastKnownFileType = sourcecode.c.objc; path = LoginPresenter.m; sourceTree = "<group>"; };
		BBAFF8E71E4C5A53007980D0 /* PrefixHeader.pch */ = {isa = PBXFileReference; lastKnownFileType = sourcecode.c.h; path = PrefixHeader.pch; sourceTree = "<group>"; };
		BBF08D0D1E4D508600241CEF /* Common.h */ = {isa = PBXFileReference; lastKnownFileType = sourcecode.c.h; path = Common.h; sourceTree = "<group>"; };
		BBF08D0E1E4D5A2900241CEF /* LoginPresenterProtocol.h */ = {isa = PBXFileReference; lastKnownFileType = sourcecode.c.h; path = LoginPresenterProtocol.h; sourceTree = "<group>"; };
		BBF08D111E4D633600241CEF /* AFNetworkingClient.h */ = {isa = PBXFileReference; fileEncoding = 4; lastKnownFileType = sourcecode.c.h; path = AFNetworkingClient.h; sourceTree = "<group>"; };
		BBF08D121E4D633600241CEF /* AFNetworkingClient.m */ = {isa = PBXFileReference; fileEncoding = 4; lastKnownFileType = sourcecode.c.objc; path = AFNetworkingClient.m; sourceTree = "<group>"; };
		BBF08D281E4D633600241CEF /* DateUtils.h */ = {isa = PBXFileReference; fileEncoding = 4; lastKnownFileType = sourcecode.c.h; path = DateUtils.h; sourceTree = "<group>"; };
		BBF08D291E4D633600241CEF /* DateUtils.m */ = {isa = PBXFileReference; fileEncoding = 4; lastKnownFileType = sourcecode.c.objc; path = DateUtils.m; sourceTree = "<group>"; };
		BBF08D311E4D853200241CEF /* ResultModel.h */ = {isa = PBXFileReference; fileEncoding = 4; lastKnownFileType = sourcecode.c.h; path = ResultModel.h; sourceTree = "<group>"; };
		BBF08D321E4D853200241CEF /* ResultModel.m */ = {isa = PBXFileReference; fileEncoding = 4; lastKnownFileType = sourcecode.c.objc; path = ResultModel.m; sourceTree = "<group>"; };
		BBFC98B21E384C1500DB5A7D /* SocketIOMessage.h */ = {isa = PBXFileReference; fileEncoding = 4; lastKnownFileType = sourcecode.c.h; path = SocketIOMessage.h; sourceTree = "<group>"; };
		BBFC98B31E384C1500DB5A7D /* SocketIOMessage.m */ = {isa = PBXFileReference; fileEncoding = 4; lastKnownFileType = sourcecode.c.objc; path = SocketIOMessage.m; sourceTree = "<group>"; };
		BBFC98CB1E38837900DB5A7D /* UserNotifications.framework */ = {isa = PBXFileReference; lastKnownFileType = wrapper.framework; name = UserNotifications.framework; path = System/Library/Frameworks/UserNotifications.framework; sourceTree = SDKROOT; };
		BBFC98CD1E38837900DB5A7D /* UserNotificationsUI.framework */ = {isa = PBXFileReference; lastKnownFileType = wrapper.framework; name = UserNotificationsUI.framework; path = System/Library/Frameworks/UserNotificationsUI.framework; sourceTree = SDKROOT; };
		D950D396DD68325D1A0453E7 /* Pods-SocketIOIOSDemo.release.xcconfig */ = {isa = PBXFileReference; includeInIndex = 1; lastKnownFileType = text.xcconfig; name = "Pods-SocketIOIOSDemo.release.xcconfig"; path = "Pods/Target Support Files/Pods-SocketIOIOSDemo/Pods-SocketIOIOSDemo.release.xcconfig"; sourceTree = "<group>"; };
/* End PBXFileReference section */

/* Begin PBXFrameworksBuildPhase section */
		BB7984F01E260B1D00552F88 /* Frameworks */ = {
			isa = PBXFrameworksBuildPhase;
			buildActionMask = 2147483647;
			files = (
				6F63998902C75DBEC050BFE6 /* Pods_SocketIOIOSDemo.framework in Frameworks */,
			);
			runOnlyForDeploymentPostprocessing = 0;
		};
		BB7985091E260B1D00552F88 /* Frameworks */ = {
			isa = PBXFrameworksBuildPhase;
			buildActionMask = 2147483647;
			files = (
			);
			runOnlyForDeploymentPostprocessing = 0;
		};
		BB7985141E260B1D00552F88 /* Frameworks */ = {
			isa = PBXFrameworksBuildPhase;
			buildActionMask = 2147483647;
			files = (
			);
			runOnlyForDeploymentPostprocessing = 0;
		};
/* End PBXFrameworksBuildPhase section */

/* Begin PBXGroup section */
		1D8CE88E1D7D070D4D220947 /* Pods */ = {
			isa = PBXGroup;
			children = (
				1C46A59A4E58AB8E1D35AD1C /* Pods-SocketIOIOSDemo.debug.xcconfig */,
				D950D396DD68325D1A0453E7 /* Pods-SocketIOIOSDemo.release.xcconfig */,
			);
			name = Pods;
			sourceTree = "<group>";
		};
		BB06135F1E5ABDDE00E0455A /* Extend */ = {
			isa = PBXGroup;
			children = (
				BB0613601E5ABDFD00E0455A /* InsetsLabel.h */,
				BB0613611E5ABDFD00E0455A /* InsetsLabel.m */,
			);
			path = Extend;
			sourceTree = "<group>";
		};
		BB476E341E51A1D300A7F8C7 /* Setting */ = {
			isa = PBXGroup;
			children = (
				BBA6EFBB1E53F5D30050756C /* Controller */,
				BBA6EFBC1E53F5D30050756C /* Model */,
				BBA6EFBD1E53F5D30050756C /* Presenter */,
				BBA6EFBE1E53F5D30050756C /* Repository */,
				BBA6EFBF1E53F5D30050756C /* View */,
			);
			path = Setting;
			sourceTree = "<group>";
		};
		BB476E351E51A1D300A7F8C7 /* Message */ = {
			isa = PBXGroup;
			children = (
				BB476E4C1E51A89C00A7F8C7 /* Controller */,
				BB476E4E1E51A89C00A7F8C7 /* Model */,
				BB476E4F1E51A89C00A7F8C7 /* Presenter */,
				BB476E501E51A89C00A7F8C7 /* Repository */,
				BB476E511E51A89C00A7F8C7 /* View */,
			);
			path = Message;
			sourceTree = "<group>";
		};
		BB476E361E51A1D300A7F8C7 /* Person */ = {
			isa = PBXGroup;
			children = (
				BB476E3B1E51A2AF00A7F8C7 /* Controller */,
				BB476E3A1E51A2AF00A7F8C7 /* Model */,
				BB476E391E51A2AF00A7F8C7 /* Presenter */,
				BB476E381E51A2AF00A7F8C7 /* Repository */,
				BB476E371E51A2AF00A7F8C7 /* View */,
			);
			path = Person;
			sourceTree = "<group>";
		};
		BB476E371E51A2AF00A7F8C7 /* View */ = {
			isa = PBXGroup;
			children = (
				BBA6EFC61E541D2C0050756C /* PersonListViewProtocol.h */,
			);
			path = View;
			sourceTree = "<group>";
		};
		BB476E381E51A2AF00A7F8C7 /* Repository */ = {
			isa = PBXGroup;
			children = (
			);
			path = Repository;
			sourceTree = "<group>";
		};
		BB476E391E51A2AF00A7F8C7 /* Presenter */ = {
			isa = PBXGroup;
			children = (
				BBA6EFC71E541E090050756C /* PersonListPresenter.h */,
				BBA6EFC81E541E090050756C /* PersonListPresenter.m */,
				BBA6EFCA1E541E2F0050756C /* PersonListPresenterProtocol.h */,
			);
			path = Presenter;
			sourceTree = "<group>";
		};
		BB476E3A1E51A2AF00A7F8C7 /* Model */ = {
			isa = PBXGroup;
			children = (
				BBA6EFC31E5419F20050756C /* PersonBean.h */,
				BBA6EFC41E5419F20050756C /* PersonBean.m */,
			);
			path = Model;
			sourceTree = "<group>";
		};
		BB476E3B1E51A2AF00A7F8C7 /* Controller */ = {
			isa = PBXGroup;
			children = (
				BB476E3F1E51A62B00A7F8C7 /* PersonListViewController.h */,
				BB476E401E51A62B00A7F8C7 /* PersonListViewController.m */,
				BBA6EFCB1E5427D00050756C /* PersonListTableViewCell.h */,
				BBA6EFCC1E5427D00050756C /* PersonListTableViewCell.m */,
				BBA6EFCD1E5427D00050756C /* PersonListTableViewCell.xib */,
			);
			path = Controller;
			sourceTree = "<group>";
		};
		BB476E4C1E51A89C00A7F8C7 /* Controller */ = {
			isa = PBXGroup;
			children = (
				BBA6EFB81E53F57F0050756C /* MessageViewController.h */,
				BBA6EFB91E53F57F0050756C /* MessageViewController.m */,
				BB517F7D1E5553850023C5B6 /* ChatViewController.h */,
				BB517F7E1E5553850023C5B6 /* ChatViewController.m */,
				BB517F891E558EB40023C5B6 /* ChatHostTableViewCell.h */,
				BB517F8A1E558EB40023C5B6 /* ChatHostTableViewCell.m */,
				BB517F8C1E558F760023C5B6 /* ChatGuestTableViewCell.h */,
				BB517F8D1E558F760023C5B6 /* ChatGuestTableViewCell.m */,
			);
			path = Controller;
			sourceTree = "<group>";
		};
		BB476E4E1E51A89C00A7F8C7 /* Model */ = {
			isa = PBXGroup;
			children = (
				BB517F801E5577250023C5B6 /* ChatBean.h */,
				BB517F811E5577250023C5B6 /* ChatBean.m */,
				BB517F861E557B6C0023C5B6 /* MessageBean.h */,
				BB517F871E557B6C0023C5B6 /* MessageBean.m */,
			);
			path = Model;
			sourceTree = "<group>";
		};
		BB476E4F1E51A89C00A7F8C7 /* Presenter */ = {
			isa = PBXGroup;
			children = (
				BB517F911E55945F0023C5B6 /* ChatPresenter.h */,
				BB517F921E55945F0023C5B6 /* ChatPresenter.m */,
				BB517F901E5594390023C5B6 /* ChatPresenterProtocol.h */,
			);
			path = Presenter;
			sourceTree = "<group>";
		};
		BB476E501E51A89C00A7F8C7 /* Repository */ = {
			isa = PBXGroup;
			children = (
			);
			path = Repository;
			sourceTree = "<group>";
		};
		BB476E511E51A89C00A7F8C7 /* View */ = {
			isa = PBXGroup;
			children = (
				BB517F8F1E5593E20023C5B6 /* ChatViewProtocol.h */,
			);
			path = View;
			sourceTree = "<group>";
		};
		BB77149B1E2C91590015CFA3 /* SocketIO */ = {
			isa = PBXGroup;
			children = (
				BB7714A21E2C9B220015CFA3 /* SocketIOManager.h */,
				BB7714A31E2C9B220015CFA3 /* SocketIOManager.m */,
				BB7714A51E2CB1290015CFA3 /* SocketIOUserInfo.h */,
				BB7714A61E2CB1290015CFA3 /* SocketIOUserInfo.m */,
				BB46505B1E2EFA1B00FABB62 /* SocketIONotify.h */,
				BB46505C1E2EFA1B00FABB62 /* SocketIONotify.m */,
				BBFC98B21E384C1500DB5A7D /* SocketIOMessage.h */,
				BBFC98B31E384C1500DB5A7D /* SocketIOMessage.m */,
			);
			path = SocketIO;
			sourceTree = "<group>";
		};
		BB7984EA1E260B1D00552F88 = {
			isa = PBXGroup;
			children = (
				BB7984F51E260B1D00552F88 /* SocketIOIOSDemo */,
				BB79850F1E260B1D00552F88 /* SocketIOIOSDemoTests */,
				BB79851A1E260B1D00552F88 /* SocketIOIOSDemoUITests */,
				BB7984F41E260B1D00552F88 /* Products */,
				1D8CE88E1D7D070D4D220947 /* Pods */,
				F1A03E72D6BEC3233333088A /* Frameworks */,
			);
			sourceTree = "<group>";
		};
		BB7984F41E260B1D00552F88 /* Products */ = {
			isa = PBXGroup;
			children = (
				BB7984F31E260B1D00552F88 /* SocketIOIOSDemo.app */,
				BB79850C1E260B1D00552F88 /* SocketIOIOSDemoTests.xctest */,
				BB7985171E260B1D00552F88 /* SocketIOIOSDemoUITests.xctest */,
			);
			name = Products;
			sourceTree = "<group>";
		};
		BB7984F51E260B1D00552F88 /* SocketIOIOSDemo */ = {
			isa = PBXGroup;
			children = (
				BB06135F1E5ABDDE00E0455A /* Extend */,
				BBF08D0F1E4D633600241CEF /* Libs */,
				BBF08D271E4D633600241CEF /* Utils */,
				BB77149B1E2C91590015CFA3 /* SocketIO */,
				BB476E341E51A1D300A7F8C7 /* Setting */,
				BB476E351E51A1D300A7F8C7 /* Message */,
				BB476E361E51A1D300A7F8C7 /* Person */,
				BBEDD6F81E4C100300FA8B07 /* Login */,
				BB77149A1E2C8EB60015CFA3 /* SocketIOIOSDemo.entitlements */,
				BB7984F91E260B1D00552F88 /* AppDelegate.h */,
				BB7984FA1E260B1D00552F88 /* AppDelegate.m */,
				BB7984FC1E260B1D00552F88 /* ViewController.h */,
				BB7984FD1E260B1D00552F88 /* ViewController.m */,
				BB7985021E260B1D00552F88 /* Assets.xcassets */,
				BB7985041E260B1D00552F88 /* LaunchScreen.storyboard */,
				BB7985071E260B1D00552F88 /* Info.plist */,
				BB7984F61E260B1D00552F88 /* Supporting Files */,
				BBAFF8E71E4C5A53007980D0 /* PrefixHeader.pch */,
				BBF08D0D1E4D508600241CEF /* Common.h */,
				BB476E2E1E519D3F00A7F8C7 /* RealmConfig.h */,
				BB476E2F1E519D3F00A7F8C7 /* RealmConfig.m */,
				BB476E3C1E51A3B600A7F8C7 /* MainViewController.h */,
				BB476E3D1E51A3B600A7F8C7 /* MainViewController.m */,
			);
			path = SocketIOIOSDemo;
			sourceTree = "<group>";
		};
		BB7984F61E260B1D00552F88 /* Supporting Files */ = {
			isa = PBXGroup;
			children = (
				BB7984F71E260B1D00552F88 /* main.m */,
			);
			name = "Supporting Files";
			sourceTree = "<group>";
		};
		BB79850F1E260B1D00552F88 /* SocketIOIOSDemoTests */ = {
			isa = PBXGroup;
			children = (
				BB7985101E260B1D00552F88 /* SocketIOIOSDemoTests.m */,
				BB7985121E260B1D00552F88 /* Info.plist */,
			);
			path = SocketIOIOSDemoTests;
			sourceTree = "<group>";
		};
		BB79851A1E260B1D00552F88 /* SocketIOIOSDemoUITests */ = {
			isa = PBXGroup;
			children = (
				BB79851B1E260B1D00552F88 /* SocketIOIOSDemoUITests.m */,
				BB79851D1E260B1D00552F88 /* Info.plist */,
			);
			path = SocketIOIOSDemoUITests;
			sourceTree = "<group>";
		};
		BBA6EFBB1E53F5D30050756C /* Controller */ = {
			isa = PBXGroup;
			children = (
				BBA6EFC01E53F5F10050756C /* SettingViewController.h */,
				BBA6EFC11E53F5F10050756C /* SettingViewController.m */,
			);
			path = Controller;
			sourceTree = "<group>";
		};
		BBA6EFBC1E53F5D30050756C /* Model */ = {
			isa = PBXGroup;
			children = (
			);
			path = Model;
			sourceTree = "<group>";
		};
		BBA6EFBD1E53F5D30050756C /* Presenter */ = {
			isa = PBXGroup;
			children = (
			);
			path = Presenter;
			sourceTree = "<group>";
		};
		BBA6EFBE1E53F5D30050756C /* Repository */ = {
			isa = PBXGroup;
			children = (
			);
			path = Repository;
			sourceTree = "<group>";
		};
		BBA6EFBF1E53F5D30050756C /* View */ = {
			isa = PBXGroup;
			children = (
			);
			path = View;
			sourceTree = "<group>";
		};
		BBEDD6F81E4C100300FA8B07 /* Login */ = {
			isa = PBXGroup;
			children = (
				BBEDD6F91E4C16CE00FA8B07 /* Controller */,
				BBEDD6FA1E4C16CE00FA8B07 /* Model */,
				BBEDD6FB1E4C16CE00FA8B07 /* Presenter */,
				BBEDD6FC1E4C16CE00FA8B07 /* Repository */,
				BBEDD6FD1E4C16CE00FA8B07 /* View */,
			);
			path = Login;
			sourceTree = "<group>";
		};
		BBEDD6F91E4C16CE00FA8B07 /* Controller */ = {
			isa = PBXGroup;
			children = (
				BBAFF8DC1E4C3E41007980D0 /* LoginViewController.h */,
				BBAFF8DD1E4C3E41007980D0 /* LoginViewController.m */,
			);
			path = Controller;
			sourceTree = "<group>";
		};
		BBEDD6FA1E4C16CE00FA8B07 /* Model */ = {
			isa = PBXGroup;
			children = (
				BBAFF8D91E4C178F007980D0 /* UserInfoBean.h */,
				BBAFF8DA1E4C178F007980D0 /* UserInfoBean.m */,
			);
			path = Model;
			sourceTree = "<group>";
		};
		BBEDD6FB1E4C16CE00FA8B07 /* Presenter */ = {
			isa = PBXGroup;
			children = (
				BBAFF8E31E4C4041007980D0 /* LoginPresenter.h */,
				BBAFF8E41E4C4041007980D0 /* LoginPresenter.m */,
				BBF08D0E1E4D5A2900241CEF /* LoginPresenterProtocol.h */,
			);
			path = Presenter;
			sourceTree = "<group>";
		};
		BBEDD6FC1E4C16CE00FA8B07 /* Repository */ = {
			isa = PBXGroup;
			children = (
				BBAFF8DF1E4C3FA7007980D0 /* UserInfoRepository.h */,
				BBAFF8E01E4C3FA7007980D0 /* UserInfoRepository.m */,
			);
			path = Repository;
			sourceTree = "<group>";
		};
		BBEDD6FD1E4C16CE00FA8B07 /* View */ = {
			isa = PBXGroup;
			children = (
				BBAFF8E21E4C3FD4007980D0 /* LoginViewProtocol.h */,
			);
			path = View;
			sourceTree = "<group>";
		};
		BBF08D0F1E4D633600241CEF /* Libs */ = {
			isa = PBXGroup;
			children = (
				BBF08D101E4D633600241CEF /* AFNetworkingClient */,
			);
			path = Libs;
			sourceTree = "<group>";
		};
		BBF08D101E4D633600241CEF /* AFNetworkingClient */ = {
			isa = PBXGroup;
			children = (
				BBF08D111E4D633600241CEF /* AFNetworkingClient.h */,
				BBF08D121E4D633600241CEF /* AFNetworkingClient.m */,
				BBF08D311E4D853200241CEF /* ResultModel.h */,
				BBF08D321E4D853200241CEF /* ResultModel.m */,
			);
			path = AFNetworkingClient;
			sourceTree = "<group>";
		};
		BBF08D271E4D633600241CEF /* Utils */ = {
			isa = PBXGroup;
			children = (
				BBF08D281E4D633600241CEF /* DateUtils.h */,
				BBF08D291E4D633600241CEF /* DateUtils.m */,
			);
			path = Utils;
			sourceTree = "<group>";
		};
		F1A03E72D6BEC3233333088A /* Frameworks */ = {
			isa = PBXGroup;
			children = (
				5094D98181E59EB02EE6A966 /* Pods_SocketIOIOSDemo.framework */,
				BBFC98CB1E38837900DB5A7D /* UserNotifications.framework */,
				BBFC98CD1E38837900DB5A7D /* UserNotificationsUI.framework */,
			);
			name = Frameworks;
			sourceTree = "<group>";
		};
/* End PBXGroup section */

/* Begin PBXNativeTarget section */
		BB7984F21E260B1D00552F88 /* SocketIOIOSDemo */ = {
			isa = PBXNativeTarget;
			buildConfigurationList = BB7985201E260B1D00552F88 /* Build configuration list for PBXNativeTarget "SocketIOIOSDemo" */;
			buildPhases = (
				4D08E04EE2BEC2E720391CF6 /* [CP] Check Pods Manifest.lock */,
				BB7984EF1E260B1D00552F88 /* Sources */,
				BB7984F01E260B1D00552F88 /* Frameworks */,
				BB7984F11E260B1D00552F88 /* Resources */,
				D0E5FAFD0E6026252BEB7871 /* [CP] Embed Pods Frameworks */,
				2BA94F8E90D77C428A64D2CC /* [CP] Copy Pods Resources */,
				BBFC98C51E3882A900DB5A7D /* Embed App Extensions */,
			);
			buildRules = (
			);
			dependencies = (
			);
			name = SocketIOIOSDemo;
			productName = SocketIOIOSDemo;
			productReference = BB7984F31E260B1D00552F88 /* SocketIOIOSDemo.app */;
			productType = "com.apple.product-type.application";
		};
		BB79850B1E260B1D00552F88 /* SocketIOIOSDemoTests */ = {
			isa = PBXNativeTarget;
			buildConfigurationList = BB7985231E260B1D00552F88 /* Build configuration list for PBXNativeTarget "SocketIOIOSDemoTests" */;
			buildPhases = (
				BB7985081E260B1D00552F88 /* Sources */,
				BB7985091E260B1D00552F88 /* Frameworks */,
				BB79850A1E260B1D00552F88 /* Resources */,
			);
			buildRules = (
			);
			dependencies = (
				BB79850E1E260B1D00552F88 /* PBXTargetDependency */,
			);
			name = SocketIOIOSDemoTests;
			productName = SocketIOIOSDemoTests;
			productReference = BB79850C1E260B1D00552F88 /* SocketIOIOSDemoTests.xctest */;
			productType = "com.apple.product-type.bundle.unit-test";
		};
		BB7985161E260B1D00552F88 /* SocketIOIOSDemoUITests */ = {
			isa = PBXNativeTarget;
			buildConfigurationList = BB7985261E260B1D00552F88 /* Build configuration list for PBXNativeTarget "SocketIOIOSDemoUITests" */;
			buildPhases = (
				BB7985131E260B1D00552F88 /* Sources */,
				BB7985141E260B1D00552F88 /* Frameworks */,
				BB7985151E260B1D00552F88 /* Resources */,
			);
			buildRules = (
			);
			dependencies = (
				BB7985191E260B1D00552F88 /* PBXTargetDependency */,
			);
			name = SocketIOIOSDemoUITests;
			productName = SocketIOIOSDemoUITests;
			productReference = BB7985171E260B1D00552F88 /* SocketIOIOSDemoUITests.xctest */;
			productType = "com.apple.product-type.bundle.ui-testing";
		};
/* End PBXNativeTarget section */

/* Begin PBXProject section */
		BB7984EB1E260B1D00552F88 /* Project object */ = {
			isa = PBXProject;
			attributes = {
				LastUpgradeCheck = 0820;
				ORGANIZATIONNAME = ufo;
				TargetAttributes = {
					BB7984F21E260B1D00552F88 = {
						CreatedOnToolsVersion = 8.2;
						DevelopmentTeam = 4J839WRBU3;
						LastSwiftMigration = 0820;
						ProvisioningStyle = Automatic;
						SystemCapabilities = {
							com.apple.Push = {
								enabled = 1;
							};
						};
					};
					BB79850B1E260B1D00552F88 = {
						CreatedOnToolsVersion = 8.2;
						DevelopmentTeam = 4J839WRBU3;
						ProvisioningStyle = Automatic;
						TestTargetID = BB7984F21E260B1D00552F88;
					};
					BB7985161E260B1D00552F88 = {
						CreatedOnToolsVersion = 8.2;
						DevelopmentTeam = 4J839WRBU3;
						ProvisioningStyle = Automatic;
						TestTargetID = BB7984F21E260B1D00552F88;
					};
				};
			};
			buildConfigurationList = BB7984EE1E260B1D00552F88 /* Build configuration list for PBXProject "SocketIOIOSDemo" */;
			compatibilityVersion = "Xcode 3.2";
			developmentRegion = English;
			hasScannedForEncodings = 0;
			knownRegions = (
				en,
				Base,
			);
			mainGroup = BB7984EA1E260B1D00552F88;
			productRefGroup = BB7984F41E260B1D00552F88 /* Products */;
			projectDirPath = "";
			projectRoot = "";
			targets = (
				BB7984F21E260B1D00552F88 /* SocketIOIOSDemo */,
				BB79850B1E260B1D00552F88 /* SocketIOIOSDemoTests */,
				BB7985161E260B1D00552F88 /* SocketIOIOSDemoUITests */,
			);
		};
/* End PBXProject section */

/* Begin PBXResourcesBuildPhase section */
		BB7984F11E260B1D00552F88 /* Resources */ = {
			isa = PBXResourcesBuildPhase;
			buildActionMask = 2147483647;
			files = (
				BB7985061E260B1D00552F88 /* LaunchScreen.storyboard in Resources */,
				BBA6EFCF1E5427D00050756C /* PersonListTableViewCell.xib in Resources */,
				BB7985031E260B1D00552F88 /* Assets.xcassets in Resources */,
			);
			runOnlyForDeploymentPostprocessing = 0;
		};
		BB79850A1E260B1D00552F88 /* Resources */ = {
			isa = PBXResourcesBuildPhase;
			buildActionMask = 2147483647;
			files = (
			);
			runOnlyForDeploymentPostprocessing = 0;
		};
		BB7985151E260B1D00552F88 /* Resources */ = {
			isa = PBXResourcesBuildPhase;
			buildActionMask = 2147483647;
			files = (
			);
			runOnlyForDeploymentPostprocessing = 0;
		};
/* End PBXResourcesBuildPhase section */

/* Begin PBXShellScriptBuildPhase section */
		2BA94F8E90D77C428A64D2CC /* [CP] Copy Pods Resources */ = {
			isa = PBXShellScriptBuildPhase;
			buildActionMask = 2147483647;
			files = (
			);
			inputPaths = (
			);
			name = "[CP] Copy Pods Resources";
			outputPaths = (
			);
			runOnlyForDeploymentPostprocessing = 0;
			shellPath = /bin/sh;
			shellScript = "\"${SRCROOT}/Pods/Target Support Files/Pods-SocketIOIOSDemo/Pods-SocketIOIOSDemo-resources.sh\"\n";
			showEnvVarsInLog = 0;
		};
		4D08E04EE2BEC2E720391CF6 /* [CP] Check Pods Manifest.lock */ = {
			isa = PBXShellScriptBuildPhase;
			buildActionMask = 2147483647;
			files = (
			);
			inputPaths = (
			);
			name = "[CP] Check Pods Manifest.lock";
			outputPaths = (
			);
			runOnlyForDeploymentPostprocessing = 0;
			shellPath = /bin/sh;
			shellScript = "diff \"${PODS_ROOT}/../Podfile.lock\" \"${PODS_ROOT}/Manifest.lock\" > /dev/null\nif [ $? != 0 ] ; then\n    # print error to STDERR\n    echo \"error: The sandbox is not in sync with the Podfile.lock. Run 'pod install' or update your CocoaPods installation.\" >&2\n    exit 1\nfi\n";
			showEnvVarsInLog = 0;
		};
		D0E5FAFD0E6026252BEB7871 /* [CP] Embed Pods Frameworks */ = {
			isa = PBXShellScriptBuildPhase;
			buildActionMask = 2147483647;
			files = (
			);
			inputPaths = (
			);
			name = "[CP] Embed Pods Frameworks";
			outputPaths = (
			);
			runOnlyForDeploymentPostprocessing = 0;
			shellPath = /bin/sh;
			shellScript = "\"${SRCROOT}/Pods/Target Support Files/Pods-SocketIOIOSDemo/Pods-SocketIOIOSDemo-frameworks.sh\"\n";
			showEnvVarsInLog = 0;
		};
/* End PBXShellScriptBuildPhase section */

/* Begin PBXSourcesBuildPhase section */
		BB7984EF1E260B1D00552F88 /* Sources */ = {
			isa = PBXSourcesBuildPhase;
			buildActionMask = 2147483647;
			files = (
				BBA6EFC51E5419F20050756C /* PersonBean.m in Sources */,
				BB7714A41E2C9B220015CFA3 /* SocketIOManager.m in Sources */,
				BBF08D2A1E4D633600241CEF /* AFNetworkingClient.m in Sources */,
				BBA6EFC91E541E090050756C /* PersonListPresenter.m in Sources */,
				BBAFF8DB1E4C178F007980D0 /* UserInfoBean.m in Sources */,
				BB517F881E557B6C0023C5B6 /* MessageBean.m in Sources */,
				BB517F8E1E558F760023C5B6 /* ChatGuestTableViewCell.m in Sources */,
				BB476E3E1E51A3B600A7F8C7 /* MainViewController.m in Sources */,
				BB7984FE1E260B1D00552F88 /* ViewController.m in Sources */,
				BB7984FB1E260B1D00552F88 /* AppDelegate.m in Sources */,
				BB517F8B1E558EB40023C5B6 /* ChatHostTableViewCell.m in Sources */,
				BBA6EFBA1E53F57F0050756C /* MessageViewController.m in Sources */,
				BB476E301E519D3F00A7F8C7 /* RealmConfig.m in Sources */,
				BBA6EFC21E53F5F10050756C /* SettingViewController.m in Sources */,
				BBAFF8E11E4C3FA7007980D0 /* UserInfoRepository.m in Sources */,
				BBA6EFCE1E5427D00050756C /* PersonListTableViewCell.m in Sources */,
				BBF08D301E4D633600241CEF /* DateUtils.m in Sources */,
				BBFC98B41E384C1500DB5A7D /* SocketIOMessage.m in Sources */,
				BBF08D331E4D853300241CEF /* ResultModel.m in Sources */,
				BBAFF8DE1E4C3E41007980D0 /* LoginViewController.m in Sources */,
				BB46505D1E2EFA1B00FABB62 /* SocketIONotify.m in Sources */,
				BB7984F81E260B1D00552F88 /* main.m in Sources */,
				BB0613621E5ABDFD00E0455A /* InsetsLabel.m in Sources */,
				BB517F821E5577250023C5B6 /* ChatBean.m in Sources */,
				BB7714A71E2CB1290015CFA3 /* SocketIOUserInfo.m in Sources */,
				BBAFF8E51E4C4041007980D0 /* LoginPresenter.m in Sources */,
				BB517F7F1E5553850023C5B6 /* ChatViewController.m in Sources */,
				BB517F931E55945F0023C5B6 /* ChatPresenter.m in Sources */,
				BB476E411E51A62B00A7F8C7 /* PersonListViewController.m in Sources */,
			);
			runOnlyForDeploymentPostprocessing = 0;
		};
		BB7985081E260B1D00552F88 /* Sources */ = {
			isa = PBXSourcesBuildPhase;
			buildActionMask = 2147483647;
			files = (
				BB7985111E260B1D00552F88 /* SocketIOIOSDemoTests.m in Sources */,
			);
			runOnlyForDeploymentPostprocessing = 0;
		};
		BB7985131E260B1D00552F88 /* Sources */ = {
			isa = PBXSourcesBuildPhase;
			buildActionMask = 2147483647;
			files = (
				BB79851C1E260B1D00552F88 /* SocketIOIOSDemoUITests.m in Sources */,
			);
			runOnlyForDeploymentPostprocessing = 0;
		};
/* End PBXSourcesBuildPhase section */

/* Begin PBXTargetDependency section */
		BB79850E1E260B1D00552F88 /* PBXTargetDependency */ = {
			isa = PBXTargetDependency;
			target = BB7984F21E260B1D00552F88 /* SocketIOIOSDemo */;
			targetProxy = BB79850D1E260B1D00552F88 /* PBXContainerItemProxy */;
		};
		BB7985191E260B1D00552F88 /* PBXTargetDependency */ = {
			isa = PBXTargetDependency;
			target = BB7984F21E260B1D00552F88 /* SocketIOIOSDemo */;
			targetProxy = BB7985181E260B1D00552F88 /* PBXContainerItemProxy */;
		};
/* End PBXTargetDependency section */

/* Begin PBXVariantGroup section */
		BB7985041E260B1D00552F88 /* LaunchScreen.storyboard */ = {
			isa = PBXVariantGroup;
			children = (
				BB7985051E260B1D00552F88 /* Base */,
			);
			name = LaunchScreen.storyboard;
			sourceTree = "<group>";
		};
/* End PBXVariantGroup section */

/* Begin XCBuildConfiguration section */
		BB79851E1E260B1D00552F88 /* Debug */ = {
			isa = XCBuildConfiguration;
			buildSettings = {
				ALWAYS_SEARCH_USER_PATHS = NO;
				CLANG_ANALYZER_NONNULL = YES;
				CLANG_CXX_LANGUAGE_STANDARD = "gnu++0x";
				CLANG_CXX_LIBRARY = "libc++";
				CLANG_ENABLE_MODULES = YES;
				CLANG_ENABLE_OBJC_ARC = YES;
				CLANG_WARN_BOOL_CONVERSION = YES;
				CLANG_WARN_CONSTANT_CONVERSION = YES;
				CLANG_WARN_DIRECT_OBJC_ISA_USAGE = YES_ERROR;
				CLANG_WARN_DOCUMENTATION_COMMENTS = YES;
				CLANG_WARN_EMPTY_BODY = YES;
				CLANG_WARN_ENUM_CONVERSION = YES;
				CLANG_WARN_INFINITE_RECURSION = YES;
				CLANG_WARN_INT_CONVERSION = YES;
				CLANG_WARN_OBJC_ROOT_CLASS = YES_ERROR;
				CLANG_WARN_SUSPICIOUS_MOVE = YES;
				CLANG_WARN_UNREACHABLE_CODE = YES;
				CLANG_WARN__DUPLICATE_METHOD_MATCH = YES;
				"CODE_SIGN_IDENTITY[sdk=iphoneos*]" = "iPhone Developer";
				COPY_PHASE_STRIP = NO;
				DEBUG_INFORMATION_FORMAT = dwarf;
				ENABLE_STRICT_OBJC_MSGSEND = YES;
				ENABLE_TESTABILITY = YES;
				GCC_C_LANGUAGE_STANDARD = gnu99;
				GCC_DYNAMIC_NO_PIC = NO;
				GCC_NO_COMMON_BLOCKS = YES;
				GCC_OPTIMIZATION_LEVEL = 0;
				GCC_PREPROCESSOR_DEFINITIONS = (
					"DEBUG=1",
					"$(inherited)",
				);
				GCC_WARN_64_TO_32_BIT_CONVERSION = YES;
				GCC_WARN_ABOUT_RETURN_TYPE = YES_ERROR;
				GCC_WARN_UNDECLARED_SELECTOR = YES;
				GCC_WARN_UNINITIALIZED_AUTOS = YES_AGGRESSIVE;
				GCC_WARN_UNUSED_FUNCTION = YES;
				GCC_WARN_UNUSED_VARIABLE = YES;
				IPHONEOS_DEPLOYMENT_TARGET = 10.2;
				MTL_ENABLE_DEBUG_INFO = YES;
				ONLY_ACTIVE_ARCH = YES;
				SDKROOT = iphoneos;
			};
			name = Debug;
		};
		BB79851F1E260B1D00552F88 /* Release */ = {
			isa = XCBuildConfiguration;
			buildSettings = {
				ALWAYS_SEARCH_USER_PATHS = NO;
				CLANG_ANALYZER_NONNULL = YES;
				CLANG_CXX_LANGUAGE_STANDARD = "gnu++0x";
				CLANG_CXX_LIBRARY = "libc++";
				CLANG_ENABLE_MODULES = YES;
				CLANG_ENABLE_OBJC_ARC = YES;
				CLANG_WARN_BOOL_CONVERSION = YES;
				CLANG_WARN_CONSTANT_CONVERSION = YES;
				CLANG_WARN_DIRECT_OBJC_ISA_USAGE = YES_ERROR;
				CLANG_WARN_DOCUMENTATION_COMMENTS = YES;
				CLANG_WARN_EMPTY_BODY = YES;
				CLANG_WARN_ENUM_CONVERSION = YES;
				CLANG_WARN_INFINITE_RECURSION = YES;
				CLANG_WARN_INT_CONVERSION = YES;
				CLANG_WARN_OBJC_ROOT_CLASS = YES_ERROR;
				CLANG_WARN_SUSPICIOUS_MOVE = YES;
				CLANG_WARN_UNREACHABLE_CODE = YES;
				CLANG_WARN__DUPLICATE_METHOD_MATCH = YES;
				"CODE_SIGN_IDENTITY[sdk=iphoneos*]" = "iPhone Developer";
				COPY_PHASE_STRIP = NO;
				DEBUG_INFORMATION_FORMAT = "dwarf-with-dsym";
				ENABLE_NS_ASSERTIONS = NO;
				ENABLE_STRICT_OBJC_MSGSEND = YES;
				GCC_C_LANGUAGE_STANDARD = gnu99;
				GCC_NO_COMMON_BLOCKS = YES;
				GCC_WARN_64_TO_32_BIT_CONVERSION = YES;
				GCC_WARN_ABOUT_RETURN_TYPE = YES_ERROR;
				GCC_WARN_UNDECLARED_SELECTOR = YES;
				GCC_WARN_UNINITIALIZED_AUTOS = YES_AGGRESSIVE;
				GCC_WARN_UNUSED_FUNCTION = YES;
				GCC_WARN_UNUSED_VARIABLE = YES;
				IPHONEOS_DEPLOYMENT_TARGET = 10.2;
				MTL_ENABLE_DEBUG_INFO = NO;
				SDKROOT = iphoneos;
				VALIDATE_PRODUCT = YES;
			};
			name = Release;
		};
		BB7985211E260B1D00552F88 /* Debug */ = {
			isa = XCBuildConfiguration;
			baseConfigurationReference = 1C46A59A4E58AB8E1D35AD1C /* Pods-SocketIOIOSDemo.debug.xcconfig */;
			buildSettings = {
				ASSETCATALOG_COMPILER_APPICON_NAME = AppIcon;
				CLANG_ENABLE_MODULES = YES;
				CODE_SIGN_ENTITLEMENTS = SocketIOIOSDemo/SocketIOIOSDemo.entitlements;
				DEVELOPMENT_TEAM = 4J839WRBU3;
				GCC_PRECOMPILE_PREFIX_HEADER = YES;
				GCC_PREFIX_HEADER = SocketIOIOSDemo/PrefixHeader.pch;
				INFOPLIST_FILE = SocketIOIOSDemo/Info.plist;
				IPHONEOS_DEPLOYMENT_TARGET = 8.0;
				LD_RUNPATH_SEARCH_PATHS = "$(inherited) @executable_path/Frameworks";
				PRODUCT_BUNDLE_IDENTIFIER = com.ufo.SocketIOIOSDemo;
				PRODUCT_NAME = "$(TARGET_NAME)";
				SWIFT_OBJC_BRIDGING_HEADER = "SocketIOIOSDemo/SocketIO/SocketIOIOSDemo-Bridging-Header.h";
				SWIFT_OPTIMIZATION_LEVEL = "-Onone";
				SWIFT_VERSION = 3.0;
			};
			name = Debug;
		};
		BB7985221E260B1D00552F88 /* Release */ = {
			isa = XCBuildConfiguration;
			baseConfigurationReference = D950D396DD68325D1A0453E7 /* Pods-SocketIOIOSDemo.release.xcconfig */;
			buildSettings = {
				ASSETCATALOG_COMPILER_APPICON_NAME = AppIcon;
				CLANG_ENABLE_MODULES = YES;
				CODE_SIGN_ENTITLEMENTS = SocketIOIOSDemo/SocketIOIOSDemo.entitlements;
				DEVELOPMENT_TEAM = 4J839WRBU3;
				GCC_PRECOMPILE_PREFIX_HEADER = YES;
				GCC_PREFIX_HEADER = SocketIOIOSDemo/PrefixHeader.pch;
				INFOPLIST_FILE = SocketIOIOSDemo/Info.plist;
				IPHONEOS_DEPLOYMENT_TARGET = 8.0;
				LD_RUNPATH_SEARCH_PATHS = "$(inherited) @executable_path/Frameworks";
				PRODUCT_BUNDLE_IDENTIFIER = com.ufo.SocketIOIOSDemo;
				PRODUCT_NAME = "$(TARGET_NAME)";
				SWIFT_OBJC_BRIDGING_HEADER = "SocketIOIOSDemo/SocketIO/SocketIOIOSDemo-Bridging-Header.h";
				SWIFT_VERSION = 3.0;
			};
			name = Release;
		};
		BB7985241E260B1D00552F88 /* Debug */ = {
			isa = XCBuildConfiguration;
			buildSettings = {
				BUNDLE_LOADER = "$(TEST_HOST)";
				DEVELOPMENT_TEAM = 4J839WRBU3;
				INFOPLIST_FILE = SocketIOIOSDemoTests/Info.plist;
				LD_RUNPATH_SEARCH_PATHS = "$(inherited) @executable_path/Frameworks @loader_path/Frameworks";
				PRODUCT_BUNDLE_IDENTIFIER = com.ufo.SocketIOIOSDemoTests;
				PRODUCT_NAME = "$(TARGET_NAME)";
				TEST_HOST = "$(BUILT_PRODUCTS_DIR)/SocketIOIOSDemo.app/SocketIOIOSDemo";
			};
			name = Debug;
		};
		BB7985251E260B1D00552F88 /* Release */ = {
			isa = XCBuildConfiguration;
			buildSettings = {
				BUNDLE_LOADER = "$(TEST_HOST)";
				DEVELOPMENT_TEAM = 4J839WRBU3;
				INFOPLIST_FILE = SocketIOIOSDemoTests/Info.plist;
				LD_RUNPATH_SEARCH_PATHS = "$(inherited) @executable_path/Frameworks @loader_path/Frameworks";
				PRODUCT_BUNDLE_IDENTIFIER = com.ufo.SocketIOIOSDemoTests;
				PRODUCT_NAME = "$(TARGET_NAME)";
				TEST_HOST = "$(BUILT_PRODUCTS_DIR)/SocketIOIOSDemo.app/SocketIOIOSDemo";
			};
			name = Release;
		};
		BB7985271E260B1D00552F88 /* Debug */ = {
			isa = XCBuildConfiguration;
			buildSettings = {
				DEVELOPMENT_TEAM = 4J839WRBU3;
				INFOPLIST_FILE = SocketIOIOSDemoUITests/Info.plist;
				LD_RUNPATH_SEARCH_PATHS = "$(inherited) @executable_path/Frameworks @loader_path/Frameworks";
				PRODUCT_BUNDLE_IDENTIFIER = com.ufo.SocketIOIOSDemoUITests;
				PRODUCT_NAME = "$(TARGET_NAME)";
				TEST_TARGET_NAME = SocketIOIOSDemo;
			};
			name = Debug;
		};
		BB7985281E260B1D00552F88 /* Release */ = {
			isa = XCBuildConfiguration;
			buildSettings = {
				DEVELOPMENT_TEAM = 4J839WRBU3;
				INFOPLIST_FILE = SocketIOIOSDemoUITests/Info.plist;
				LD_RUNPATH_SEARCH_PATHS = "$(inherited) @executable_path/Frameworks @loader_path/Frameworks";
				PRODUCT_BUNDLE_IDENTIFIER = com.ufo.SocketIOIOSDemoUITests;
				PRODUCT_NAME = "$(TARGET_NAME)";
				TEST_TARGET_NAME = SocketIOIOSDemo;
			};
			name = Release;
		};
/* End XCBuildConfiguration section */

/* Begin XCConfigurationList section */
		BB7984EE1E260B1D00552F88 /* Build configuration list for PBXProject "SocketIOIOSDemo" */ = {
			isa = XCConfigurationList;
			buildConfigurations = (
				BB79851E1E260B1D00552F88 /* Debug */,
				BB79851F1E260B1D00552F88 /* Release */,
			);
			defaultConfigurationIsVisible = 0;
			defaultConfigurationName = Release;
		};
		BB7985201E260B1D00552F88 /* Build configuration list for PBXNativeTarget "SocketIOIOSDemo" */ = {
			isa = XCConfigurationList;
			buildConfigurations = (
				BB7985211E260B1D00552F88 /* Debug */,
				BB7985221E260B1D00552F88 /* Release */,
			);
			defaultConfigurationIsVisible = 0;
			defaultConfigurationName = Release;
		};
		BB7985231E260B1D00552F88 /* Build configuration list for PBXNativeTarget "SocketIOIOSDemoTests" */ = {
			isa = XCConfigurationList;
			buildConfigurations = (
				BB7985241E260B1D00552F88 /* Debug */,
				BB7985251E260B1D00552F88 /* Release */,
			);
			defaultConfigurationIsVisible = 0;
			defaultConfigurationName = Release;
		};
		BB7985261E260B1D00552F88 /* Build configuration list for PBXNativeTarget "SocketIOIOSDemoUITests" */ = {
			isa = XCConfigurationList;
			buildConfigurations = (
				BB7985271E260B1D00552F88 /* Debug */,
				BB7985281E260B1D00552F88 /* Release */,
			);
			defaultConfigurationIsVisible = 0;
			defaultConfigurationName = Release;
		};
/* End XCConfigurationList section */
	};
	rootObject = BB7984EB1E260B1D00552F88 /* Project object */;
}
